
Microsoft Visual Studio Solution File, Format Version 12.00
# Visual Studio Version 16
VisualStudioVersion = 16.0.30104.148
MinimumVisualStudioVersion = 10.0.40219.1
Project("{FAE04EC0-301F-11D3-BF4B-00C04F79EFBC}") = "WCF_Chat", "WCF_Chat\WCF_Chat.csproj", "{31978FA5-3882-4B03-8CD9-D55B2D1491C1}"
EndProject
Global
	GlobalSection(SolutionConfigurationPlatforms) = preSolution
		Debug|Any CPU = Debug|Any CPU
		Release|Any CPU = Release|Any CPU
	EndGlobalSection
	GlobalSection(ProjectConfigurationPlatforms) = postSolution
		{31978FA5-3882-4B03-8CD9-D55B2D1491C1}.Debug|Any CPU.ActiveCfg = Debug|Any CPU
		{31978FA5-3882-4B03-8CD9-D55B2D1491C1}.Debug|Any CPU.Build.0 = Debug|Any CPU
		{31978FA5-3882-4B03-8CD9-D55B2D1491C1}.Release|Any CPU.ActiveCfg = Release|Any CPU
		{31978FA5-3882-4B03-8CD9-D55B2D1491C1}.Release|Any CPU.Build.0 = Release|Any CPU
	EndGlobalSection
	GlobalSection(SolutionProperties) = preSolution
		HideSolutionNode = FALSE
	EndGlobalSection
	GlobalSection(ExtensibilityGlobals) = postSolution
		SolutionGuid = {EF71F009-1E8E-432F-9F17-1C445539B2E5}
	EndGlobalSection
EndGlobal
